
Microsoft Visual Studio Solution File, Format Version 12.00
# Visual Studio Version 17
VisualStudioVersion = 17.4.33110.190
MinimumVisualStudioVersion = 10.0.40219.1
Project("{FAE04EC0-301F-11D3-BF4B-00C04F79EFBC}") = "Day6MvcApp", "Day6MvcApp\Day6MvcApp.csproj", "{610E2A94-43D2-4F74-B44A-6D014C0FD523}"
EndProject
Global
	GlobalSection(SolutionConfigurationPlatforms) = preSolution
		Debug|Any CPU = Debug|Any CPU
		Release|Any CPU = Release|Any CPU
	EndGlobalSection
	GlobalSection(ProjectConfigurationPlatforms) = postSolution
		{610E2A94-43D2-4F74-B44A-6D014C0FD523}.Debug|Any CPU.ActiveCfg = Debug|Any CPU
		{610E2A94-43D2-4F74-B44A-6D014C0FD523}.Debug|Any CPU.Build.0 = Debug|Any CPU
		{610E2A94-43D2-4F74-B44A-6D014C0FD523}.Release|Any CPU.ActiveCfg = Release|Any CPU
		{610E2A94-43D2-4F74-B44A-6D014C0FD523}.Release|Any CPU.Build.0 = Release|Any CPU
	EndGlobalSection
	GlobalSection(SolutionProperties) = preSolution
		HideSolutionNode = FALSE
	EndGlobalSection
	GlobalSection(ExtensibilityGlobals) = postSolution
		SolutionGuid = {41339CCB-5FD0-41B4-BAAC-3BD127CDC593}
	EndGlobalSection
EndGlobal
